
Microsoft Visual Studio Solution File, Format Version 12.00
# Visual Studio Version 17
VisualStudioVersion = 17.14.36414.22 d17.14
MinimumVisualStudioVersion = 10.0.40219.1
Project("{FAE04EC0-301F-11D3-BF4B-00C04F79EFBC}") = "OgrenciOtomasyonSistemi.api", "OgrenciOtomasyonSistemi.api\OgrenciOtomasyonSistemi.api.csproj", "{446DFE1E-9C8F-4BF2-A131-16A2B7FF9EF6}"
EndProject
Global
	GlobalSection(SolutionConfigurationPlatforms) = preSolution
		Debug|Any CPU = Debug|Any CPU
		Release|Any CPU = Release|Any CPU
	EndGlobalSection
	GlobalSection(ProjectConfigurationPlatforms) = postSolution
		{446DFE1E-9C8F-4BF2-A131-16A2B7FF9EF6}.Debug|Any CPU.ActiveCfg = Debug|Any CPU
		{446DFE1E-9C8F-4BF2-A131-16A2B7FF9EF6}.Debug|Any CPU.Build.0 = Debug|Any CPU
		{446DFE1E-9C8F-4BF2-A131-16A2B7FF9EF6}.Release|Any CPU.ActiveCfg = Release|Any CPU
		{446DFE1E-9C8F-4BF2-A131-16A2B7FF9EF6}.Release|Any CPU.Build.0 = Release|Any CPU
	EndGlobalSection
	GlobalSection(SolutionProperties) = preSolution
		HideSolutionNode = FALSE
	EndGlobalSection
	GlobalSection(ExtensibilityGlobals) = postSolution
		SolutionGuid = {A302F729-8258-474F-BCEA-71D059C47B49}
	EndGlobalSection
EndGlobal
